
Microsoft Visual Studio Solution File, Format Version 12.00
# Visual Studio Version 17
VisualStudioVersion = 17.7.34031.279
MinimumVisualStudioVersion = 10.0.40219.1
Project("{FAE04EC0-301F-11D3-BF4B-00C04F79EFBC}") = "Game_Brodyaga", "Game_Brodyaga\Game_Brodyaga.csproj", "{0BB6A7CD-5E05-4FBC-9091-B20FBAB759F6}"
EndProject
Global
	GlobalSection(SolutionConfigurationPlatforms) = preSolution
		Debug|Any CPU = Debug|Any CPU
		Release|Any CPU = Release|Any CPU
	EndGlobalSection
	GlobalSection(ProjectConfigurationPlatforms) = postSolution
		{0BB6A7CD-5E05-4FBC-9091-B20FBAB759F6}.Debug|Any CPU.ActiveCfg = Debug|Any CPU
		{0BB6A7CD-5E05-4FBC-9091-B20FBAB759F6}.Debug|Any CPU.Build.0 = Debug|Any CPU
		{0BB6A7CD-5E05-4FBC-9091-B20FBAB759F6}.Release|Any CPU.ActiveCfg = Release|Any CPU
		{0BB6A7CD-5E05-4FBC-9091-B20FBAB759F6}.Release|Any CPU.Build.0 = Release|Any CPU
	EndGlobalSection
	GlobalSection(SolutionProperties) = preSolution
		HideSolutionNode = FALSE
	EndGlobalSection
	GlobalSection(ExtensibilityGlobals) = postSolution
		SolutionGuid = {2DFC66BC-9301-4D26-9BFC-5AC122E91CEC}
	EndGlobalSection
EndGlobal
